PODS:
  - Reveal-SDK (19)
  - RxCocoa (5.0.0):
    - RxRelay (~> 5)
    - RxSwift (~> 5)
  - RxRelay (5.0.0):
    - RxSwift (~> 5)
  - RxSwift (5.0.0)

DEPENDENCIES:
  - Reveal-SDK (= 19)
  - RxCocoa (~> 5)
  - RxSwift (~> 5)

SPEC REPOS:
  https://github.com/cocoapods/specs.git:
    - Reveal-SDK
    - RxCocoa
    - RxRelay
    - RxSwift

SPEC CHECKSUMS:
  Reveal-SDK: 9f0d2c6c12eb7507921e5454ac165b7aa21140a4
  RxCocoa: fcf32050ac00d801f34a7f71d5e8e7f23026dcd8
  RxRelay: 4f7409406a51a55cd88483f21ed898c234d60f18
  RxSwift: 8b0671caa829a763bbce7271095859121cbd895f

PODFILE CHECKSUM: 719c16f0ea1446bf0e7316cb9bf5d7b02e6ccd97

COCOAPODS: 1.7.5
